
Microsoft Visual Studio Solution File, Format Version 12.00
# Visual Studio Version 17
VisualStudioVersion = 17.1.32319.34
MinimumVisualStudioVersion = 10.0.40219.1
Project("{FAE04EC0-301F-11D3-BF4B-00C04F79EFBC}") = "ASM", "ASM\ASM.csproj", "{E0E4971D-C99E-449C-8E49-1C9A4079E330}"
EndProject
Global
	GlobalSection(SolutionConfigurationPlatforms) = preSolution
		Debug|Any CPU = Debug|Any CPU
		Release|Any CPU = Release|Any CPU
	EndGlobalSection
	GlobalSection(ProjectConfigurationPlatforms) = postSolution
		{E0E4971D-C99E-449C-8E49-1C9A4079E330}.Debug|Any CPU.ActiveCfg = Debug|Any CPU
		{E0E4971D-C99E-449C-8E49-1C9A4079E330}.Debug|Any CPU.Build.0 = Debug|Any CPU
		{E0E4971D-C99E-449C-8E49-1C9A4079E330}.Release|Any CPU.ActiveCfg = Release|Any CPU
		{E0E4971D-C99E-449C-8E49-1C9A4079E330}.Release|Any CPU.Build.0 = Release|Any CPU
	EndGlobalSection
	GlobalSection(SolutionProperties) = preSolution
		HideSolutionNode = FALSE
	EndGlobalSection
	GlobalSection(ExtensibilityGlobals) = postSolution
		SolutionGuid = {57714297-DABF-4CE7-9B92-A749B11B154E}
	EndGlobalSection
EndGlobal
